
Microsoft Visual Studio Solution File, Format Version 12.00
# Visual Studio Version 17
VisualStudioVersion = 17.9.34902.65
MinimumVisualStudioVersion = 10.0.40219.1
Project("{9A19103F-16F7-4668-BE54-9A1E7A4F7556}") = "Worker", "src\Worker\Worker.csproj", "{9474FC8C-429B-4EA7-BB9F-00F9AE7F675E}"
EndProject
Project("{9A19103F-16F7-4668-BE54-9A1E7A4F7556}") = "VotingData", "src\VotingData\VotingData.csproj", "{148B18CF-60E6-4ADC-8680-3E48E207FE79}"
EndProject
Global
	GlobalSection(SolutionConfigurationPlatforms) = preSolution
		Debug|Any CPU = Debug|Any CPU
		Release|Any CPU = Release|Any CPU
	EndGlobalSection
	GlobalSection(ProjectConfigurationPlatforms) = postSolution
		{9474FC8C-429B-4EA7-BB9F-00F9AE7F675E}.Debug|Any CPU.ActiveCfg = Debug|Any CPU
		{9474FC8C-429B-4EA7-BB9F-00F9AE7F675E}.Debug|Any CPU.Build.0 = Debug|Any CPU
		{9474FC8C-429B-4EA7-BB9F-00F9AE7F675E}.Release|Any CPU.ActiveCfg = Release|Any CPU
		{9474FC8C-429B-4EA7-BB9F-00F9AE7F675E}.Release|Any CPU.Build.0 = Release|Any CPU
		{148B18CF-60E6-4ADC-8680-3E48E207FE79}.Debug|Any CPU.ActiveCfg = Debug|Any CPU
		{148B18CF-60E6-4ADC-8680-3E48E207FE79}.Debug|Any CPU.Build.0 = Debug|Any CPU
		{148B18CF-60E6-4ADC-8680-3E48E207FE79}.Release|Any CPU.ActiveCfg = Release|Any CPU
		{148B18CF-60E6-4ADC-8680-3E48E207FE79}.Release|Any CPU.Build.0 = Release|Any CPU
	EndGlobalSection
	GlobalSection(SolutionProperties) = preSolution
		HideSolutionNode = FALSE
	EndGlobalSection
	GlobalSection(ExtensibilityGlobals) = postSolution
		SolutionGuid = {AE58FF55-7C61-408B-8407-9B58EB40F5C1}
	EndGlobalSection
EndGlobal
